
Microsoft Visual Studio Solution File, Format Version 12.00
# Visual Studio Version 17
VisualStudioVersion = 17.14.36511.14 d17.14
MinimumVisualStudioVersion = 10.0.40219.1
Project("{FAE04EC0-301F-11D3-BF4B-00C04F79EFBC}") = "BinarySearch", "BinarySearch\BinarySearch.csproj", "{877C8730-9ADC-424C-805B-B852738D0293}"
EndProject
Global
	GlobalSection(SolutionConfigurationPlatforms) = preSolution
		Debug|Any CPU = Debug|Any CPU
		Release|Any CPU = Release|Any CPU
	EndGlobalSection
	GlobalSection(ProjectConfigurationPlatforms) = postSolution
		{877C8730-9ADC-424C-805B-B852738D0293}.Debug|Any CPU.ActiveCfg = Debug|Any CPU
		{877C8730-9ADC-424C-805B-B852738D0293}.Debug|Any CPU.Build.0 = Debug|Any CPU
		{877C8730-9ADC-424C-805B-B852738D0293}.Release|Any CPU.ActiveCfg = Release|Any CPU
		{877C8730-9ADC-424C-805B-B852738D0293}.Release|Any CPU.Build.0 = Release|Any CPU
	EndGlobalSection
	GlobalSection(SolutionProperties) = preSolution
		HideSolutionNode = FALSE
	EndGlobalSection
	GlobalSection(ExtensibilityGlobals) = postSolution
		SolutionGuid = {39D3F078-00DA-44EF-A9E7-A6AF7C995E76}
	EndGlobalSection
EndGlobal
