
Microsoft Visual Studio Solution File, Format Version 12.00
# Visual Studio Version 17
VisualStudioVersion = 17.14.36518.9 d17.14
MinimumVisualStudioVersion = 10.0.40219.1
Project("{FAE04EC0-301F-11D3-BF4B-00C04F79EFBC}") = "BinaryFloatSearch", "BinaryFloatSearch\BinaryFloatSearch.csproj", "{E2F7A12E-068F-483D-92DF-FE0238F810CC}"
EndProject
Global
	GlobalSection(SolutionConfigurationPlatforms) = preSolution
		Debug|Any CPU = Debug|Any CPU
		Release|Any CPU = Release|Any CPU
	EndGlobalSection
	GlobalSection(ProjectConfigurationPlatforms) = postSolution
		{E2F7A12E-068F-483D-92DF-FE0238F810CC}.Debug|Any CPU.ActiveCfg = Debug|Any CPU
		{E2F7A12E-068F-483D-92DF-FE0238F810CC}.Debug|Any CPU.Build.0 = Debug|Any CPU
		{E2F7A12E-068F-483D-92DF-FE0238F810CC}.Release|Any CPU.ActiveCfg = Release|Any CPU
		{E2F7A12E-068F-483D-92DF-FE0238F810CC}.Release|Any CPU.Build.0 = Release|Any CPU
	EndGlobalSection
	GlobalSection(SolutionProperties) = preSolution
		HideSolutionNode = FALSE
	EndGlobalSection
	GlobalSection(ExtensibilityGlobals) = postSolution
		SolutionGuid = {2CAEDE43-9C34-46BC-AD94-A09534183918}
	EndGlobalSection
EndGlobal
